// !$*UTF8*$!
{
	archiveVersion = 1;
	classes = {
	};
	objectVersion = 46;
	objects = {

/* Begin PBXBuildFile section */
		9218931B1677161C00D61F6F /* UIKit.framework in Frameworks */ = {isa = PBXBuildFile; fileRef = 9218931A1677161C00D61F6F /* UIKit.framework */; };
		9218931D1677161C00D61F6F /* Foundation.framework in Frameworks */ = {isa = PBXBuildFile; fileRef = 9218931C1677161C00D61F6F /* Foundation.framework */; };
		9218931F1677161C00D61F6F /* CoreGraphics.framework in Frameworks */ = {isa = PBXBuildFile; fileRef = 9218931E1677161C00D61F6F /* CoreGraphics.framework */; };
		921893251677161C00D61F6F /* InfoPlist.strings in Resources */ = {isa = PBXBuildFile; fileRef = 921893231677161C00D61F6F /* InfoPlist.strings */; };
		921893271677161C00D61F6F /* main.m in Sources */ = {isa = PBXBuildFile; fileRef = 921893261677161C00D61F6F /* main.m */; };
		9218932B1677161C00D61F6F /* WeatherMAPAppDelegate.m in Sources */ = {isa = PBXBuildFile; fileRef = 9218932A1677161C00D61F6F /* WeatherMAPAppDelegate.m */; };
		9218932D1677161C00D61F6F /* Default.png in Resources */ = {isa = PBXBuildFile; fileRef = 9218932C1677161C00D61F6F /* Default.png */; };
		9218932F1677161C00D61F6F /* Default@2x.png in Resources */ = {isa = PBXBuildFile; fileRef = 9218932E1677161C00D61F6F /* Default@2x.png */; };
		921893311677161C00D61F6F /* Default-568h@2x.png in Resources */ = {isa = PBXBuildFile; fileRef = 921893301677161C00D61F6F /* Default-568h@2x.png */; };
		921893391677161C00D61F6F /* SenTestingKit.framework in Frameworks */ = {isa = PBXBuildFile; fileRef = 921893381677161C00D61F6F /* SenTestingKit.framework */; };
		9218933A1677161C00D61F6F /* UIKit.framework in Frameworks */ = {isa = PBXBuildFile; fileRef = 9218931A1677161C00D61F6F /* UIKit.framework */; };
		9218933B1677161C00D61F6F /* Foundation.framework in Frameworks */ = {isa = PBXBuildFile; fileRef = 9218931C1677161C00D61F6F /* Foundation.framework */; };
		921893431677161C00D61F6F /* InfoPlist.strings in Resources */ = {isa = PBXBuildFile; fileRef = 921893411677161C00D61F6F /* InfoPlist.strings */; };
		921893461677161C00D61F6F /* WeatherMAPTests.m in Sources */ = {isa = PBXBuildFile; fileRef = 921893451677161C00D61F6F /* WeatherMAPTests.m */; };
		921893501677174700D61F6F /* MapKit.framework in Frameworks */ = {isa = PBXBuildFile; fileRef = 9218934F1677174700D61F6F /* MapKit.framework */; };
		921893521677175000D61F6F /* CoreLocation.framework in Frameworks */ = {isa = PBXBuildFile; fileRef = 921893511677175000D61F6F /* CoreLocation.framework */; };
		9218935616771A7000D61F6F /* WeatherMAPViewController.m in Sources */ = {isa = PBXBuildFile; fileRef = 9218935416771A7000D61F6F /* WeatherMAPViewController.m */; };
		9218935716771A7000D61F6F /* WeatherMAPViewController.xib in Resources */ = {isa = PBXBuildFile; fileRef = 9218935516771A7000D61F6F /* WeatherMAPViewController.xib */; };
		9218935B16771A9A00D61F6F /* WeatherPOIViewController.m in Sources */ = {isa = PBXBuildFile; fileRef = 9218935916771A9A00D61F6F /* WeatherPOIViewController.m */; };
		9218935C16771A9A00D61F6F /* WeatherPOIViewController.xib in Resources */ = {isa = PBXBuildFile; fileRef = 9218935A16771A9A00D61F6F /* WeatherPOIViewController.xib */; };
		921893D21677280800D61F6F /* button_library.png in Resources */ = {isa = PBXBuildFile; fileRef = 921893AD1677280800D61F6F /* button_library.png */; };
		921893D31677280800D61F6F /* button_library@2x.png in Resources */ = {isa = PBXBuildFile; fileRef = 921893AE1677280800D61F6F /* button_library@2x.png */; };
		921893D41677280800D61F6F /* button_printer.png in Resources */ = {isa = PBXBuildFile; fileRef = 921893AF1677280800D61F6F /* button_printer.png */; };
		921893D51677280800D61F6F /* button_printer@2x.png in Resources */ = {isa = PBXBuildFile; fileRef = 921893B01677280800D61F6F /* button_printer@2x.png */; };
		921893D61677280800D61F6F /* button_restaurant.png in Resources */ = {isa = PBXBuildFile; fileRef = 921893B11677280800D61F6F /* button_restaurant.png */; };
		921893D71677280800D61F6F /* button_restaurant@2x.png in Resources */ = {isa = PBXBuildFile; fileRef = 921893B21677280800D61F6F /* button_restaurant@2x.png */; };
		921893D81677280800D61F6F /* campus_map_bg.png in Resources */ = {isa = PBXBuildFile; fileRef = 921893B31677280800D61F6F /* campus_map_bg.png */; };
		921893D91677280800D61F6F /* campus_map_bg@2x.png in Resources */ = {isa = PBXBuildFile; fileRef = 921893B41677280800D61F6F /* campus_map_bg@2x.png */; };
		921893DA1677280800D61F6F /* cell_selectedWithArrow.png in Resources */ = {isa = PBXBuildFile; fileRef = 921893B51677280800D61F6F /* cell_selectedWithArrow.png */; };
		921893DB1677280800D61F6F /* cell_selectedWithArrow@2x.png in Resources */ = {isa = PBXBuildFile; fileRef = 921893B61677280800D61F6F /* cell_selectedWithArrow@2x.png */; };
		921893DC1677280800D61F6F /* cell_unselectedWithArrow.png in Resources */ = {isa = PBXBuildFile; fileRef = 921893B71677280800D61F6F /* cell_unselectedWithArrow.png */; };
		921893DD1677280800D61F6F /* cell_unselectedWithArrow@2x.png in Resources */ = {isa = PBXBuildFile; fileRef = 921893B81677280800D61F6F /* cell_unselectedWithArrow@2x.png */; };
		921893DE1677280800D61F6F /* icon.png in Resources */ = {isa = PBXBuildFile; fileRef = 921893B91677280800D61F6F /* icon.png */; };
		921893DF1677280800D61F6F /* icon@2x.png in Resources */ = {isa = PBXBuildFile; fileRef = 921893BA1677280800D61F6F /* icon@2x.png */; };
		921893E01677280800D61F6F /* icon_library.png in Resources */ = {isa = PBXBuildFile; fileRef = 921893BB1677280800D61F6F /* icon_library.png */; };
		921893E11677280800D61F6F /* icon_library@2x.png in Resources */ = {isa = PBXBuildFile; fileRef = 921893BC1677280800D61F6F /* icon_library@2x.png */; };
		921893E21677280800D61F6F /* icon_printer.png in Resources */ = {isa = PBXBuildFile; fileRef = 921893BD1677280800D61F6F /* icon_printer.png */; };
		921893E31677280800D61F6F /* icon_printer@2x.png in Resources */ = {isa = PBXBuildFile; fileRef = 921893BE1677280800D61F6F /* icon_printer@2x.png */; };
		921893E41677280800D61F6F /* icon_restaurant.png in Resources */ = {isa = PBXBuildFile; fileRef = 921893BF1677280800D61F6F /* icon_restaurant.png */; };
		921893E51677280800D61F6F /* icon_restaurant@2x.png in Resources */ = {isa = PBXBuildFile; fileRef = 921893C01677280800D61F6F /* icon_restaurant@2x.png */; };
		921893E61677280800D61F6F /* library_annotation.png in Resources */ = {isa = PBXBuildFile; fileRef = 921893C11677280800D61F6F /* library_annotation.png */; };
		921893E71677280800D61F6F /* library_annotation@2x.png in Resources */ = {isa = PBXBuildFile; fileRef = 921893C21677280800D61F6F /* library_annotation@2x.png */; };
		921893E81677280800D61F6F /* map_ar_button.png in Resources */ = {isa = PBXBuildFile; fileRef = 921893C31677280800D61F6F /* map_ar_button.png */; };
		921893E91677280800D61F6F /* map_ar_button@2x.png in Resources */ = {isa = PBXBuildFile; fileRef = 921893C41677280800D61F6F /* map_ar_button@2x.png */; };
		921893EA1677280800D61F6F /* map_view_tab_icon.png in Resources */ = {isa = PBXBuildFile; fileRef = 921893C51677280800D61F6F /* map_view_tab_icon.png */; };
		921893EB1677280800D61F6F /* map_view_tab_icon@2x.png in Resources */ = {isa = PBXBuildFile; fileRef = 921893C61677280800D61F6F /* map_view_tab_icon@2x.png */; };
		921893EC1677280800D61F6F /* map_x_button.png in Resources */ = {isa = PBXBuildFile; fileRef = 921893C71677280800D61F6F /* map_x_button.png */; };
		921893ED1677280800D61F6F /* map_x_button@2x.png in Resources */ = {isa = PBXBuildFile; fileRef = 921893C81677280800D61F6F /* map_x_button@2x.png */; };
		921893EE1677280800D61F6F /* POI.plist in Resources */ = {isa = PBXBuildFile; fileRef = 921893C91677280800D61F6F /* POI.plist */; };
		921893EF1677280800D61F6F /* poi_view_tab_icon.png in Resources */ = {isa = PBXBuildFile; fileRef = 921893CA1677280800D61F6F /* poi_view_tab_icon.png */; };
		921893F01677280800D61F6F /* poi_view_tab_icon@2x.png in Resources */ = {isa = PBXBuildFile; fileRef = 921893CB1677280800D61F6F /* poi_view_tab_icon@2x.png */; };
		921893F11677280800D61F6F /* printer_annotation.png in Resources */ = {isa = PBXBuildFile; fileRef = 921893CC1677280800D61F6F /* printer_annotation.png */; };
		921893F21677280800D61F6F /* printer_annotation@2x.png in Resources */ = {isa = PBXBuildFile; fileRef = 921893CD1677280800D61F6F /* printer_annotation@2x.png */; };
		921893F31677280800D61F6F /* restaurant_annotation.png in Resources */ = {isa = PBXBuildFile; fileRef = 921893CE1677280800D61F6F /* restaurant_annotation.png */; };
		921893F41677280800D61F6F /* restaurant_annotation@2x.png in Resources */ = {isa = PBXBuildFile; fileRef = 921893CF1677280800D61F6F /* restaurant_annotation@2x.png */; };
		921893F51677280800D61F6F /* subcell.png in Resources */ = {isa = PBXBuildFile; fileRef = 921893D01677280800D61F6F /* subcell.png */; };
		921893F61677280800D61F6F /* subcell@2x.png in Resources */ = {isa = PBXBuildFile; fileRef = 921893D11677280800D61F6F /* subcell@2x.png */; };
		921893F9167739AF00D61F6F /* LSLocation.m in Sources */ = {isa = PBXBuildFile; fileRef = 921893F8167739AF00D61F6F /* LSLocation.m */; };
		9297E3F416775030005E274D /* LSLibrary.m in Sources */ = {isa = PBXBuildFile; fileRef = 9297E3EF16775030005E274D /* LSLibrary.m */; };
		9297E3F516775030005E274D /* LSPrinter.m in Sources */ = {isa = PBXBuildFile; fileRef = 9297E3F116775030005E274D /* LSPrinter.m */; };
		9297E3F616775030005E274D /* LSRestaurant.m in Sources */ = {isa = PBXBuildFile; fileRef = 9297E3F316775030005E274D /* LSRestaurant.m */; };
/* End PBXBuildFile section */

/* Begin PBXContainerItemProxy section */
		9218933C1677161C00D61F6F /* PBXContainerItemProxy */ = {
			isa = PBXContainerItemProxy;
			containerPortal = 9218930D1677161C00D61F6F /* Project object */;
			proxyType = 1;
			remoteGlobalIDString = 921893151677161C00D61F6F;
			remoteInfo = WeatherMAP;
		};
/* End PBXContainerItemProxy section */

/* Begin PBXFileReference section */
		921893161677161C00D61F6F /* WeatherMAP.app */ = {isa = PBXFileReference; explicitFileType = wrapper.application; includeInIndex = 0; path = WeatherMAP.app; sourceTree = BUILT_PRODUCTS_DIR; };
		9218931A1677161C00D61F6F /* UIKit.framework */ = {isa = PBXFileReference; lastKnownFileType = wrapper.framework; name = UIKit.framework; path = System/Library/Frameworks/UIKit.framework; sourceTree = SDKROOT; };
		9218931C1677161C00D61F6F /* Foundation.framework */ = {isa = PBXFileReference; lastKnownFileType = wrapper.framework; name = Foundation.framework; path = System/Library/Frameworks/Foundation.framework; sourceTree = SDKROOT; };
		9218931E1677161C00D61F6F /* CoreGraphics.framework */ = {isa = PBXFileReference; lastKnownFileType = wrapper.framework; name = CoreGraphics.framework; path = System/Library/Frameworks/CoreGraphics.framework; sourceTree = SDKROOT; };
		921893221677161C00D61F6F /* WeatherMAP-Info.plist */ = {isa = PBXFileReference; lastKnownFileType = text.plist.xml; path = "WeatherMAP-Info.plist"; sourceTree = "<group>"; };
		921893241677161C00D61F6F /* en */ = {isa = PBXFileReference; lastKnownFileType = text.plist.strings; name = en; path = en.lproj/InfoPlist.strings; sourceTree = "<group>"; };
		921893261677161C00D61F6F /* main.m */ = {isa = PBXFileReference; lastKnownFileType = sourcecode.c.objc; path = main.m; sourceTree = "<group>"; };
		921893281677161C00D61F6F /* WeatherMAP-Prefix.pch */ = {isa = PBXFileReference; lastKnownFileType = sourcecode.c.h; path = "WeatherMAP-Prefix.pch"; sourceTree = "<group>"; };
		921893291677161C00D61F6F /* WeatherMAPAppDelegate.h */ = {isa = PBXFileReference; lastKnownFileType = sourcecode.c.h; path = WeatherMAPAppDelegate.h; sourceTree = "<group>"; };
		9218932A1677161C00D61F6F /* WeatherMAPAppDelegate.m */ = {isa = PBXFileReference; lastKnownFileType = sourcecode.c.objc; path = WeatherMAPAppDelegate.m; sourceTree = "<group>"; };
		9218932C1677161C00D61F6F /* Default.png */ = {isa = PBXFileReference; lastKnownFileType = image.png; path = Default.png; sourceTree = "<group>"; };
		9218932E1677161C00D61F6F /* Default@2x.png */ = {isa = PBXFileReference; lastKnownFileType = image.png; path = "Default@2x.png"; sourceTree = "<group>"; };
		921893301677161C00D61F6F /* Default-568h@2x.png */ = {isa = PBXFileReference; lastKnownFileType = image.png; path = "Default-568h@2x.png"; sourceTree = "<group>"; };
		921893371677161C00D61F6F /* WeatherMAPTests.octest */ = {isa = PBXFileReference; explicitFileType = wrapper.cfbundle; includeInIndex = 0; path = WeatherMAPTests.octest; sourceTree = BUILT_PRODUCTS_DIR; };
		921893381677161C00D61F6F /* SenTestingKit.framework */ = {isa = PBXFileReference; lastKnownFileType = wrapper.framework; name = SenTestingKit.framework; path = Library/Frameworks/SenTestingKit.framework; sourceTree = DEVELOPER_DIR; };
		921893401677161C00D61F6F /* WeatherMAPTests-Info.plist */ = {isa = PBXFileReference; lastKnownFileType = text.plist.xml; path = "WeatherMAPTests-Info.plist"; sourceTree = "<group>"; };
		921893421677161C00D61F6F /* en */ = {isa = PBXFileReference; lastKnownFileType = text.plist.strings; name = en; path = en.lproj/InfoPlist.strings; sourceTree = "<group>"; };
		921893441677161C00D61F6F /* WeatherMAPTests.h */ = {isa = PBXFileReference; lastKnownFileType = sourcecode.c.h; path = WeatherMAPTests.h; sourceTree = "<group>"; };
		921893451677161C00D61F6F /* WeatherMAPTests.m */ = {isa = PBXFileReference; lastKnownFileType = sourcecode.c.objc; path = WeatherMAPTests.m; sourceTree = "<group>"; };
		9218934F1677174700D61F6F /* MapKit.framework */ = {isa = PBXFileReference; lastKnownFileType = wrapper.framework; name = MapKit.framework; path = System/Library/Frameworks/MapKit.framework; sourceTree = SDKROOT; };
		921893511677175000D61F6F /* CoreLocation.framework */ = {isa = PBXFileReference; lastKnownFileType = wrapper.framework; name = CoreLocation.framework; path = System/Library/Frameworks/CoreLocation.framework; sourceTree = SDKROOT; };
		9218935316771A7000D61F6F /* WeatherMAPViewController.h */ = {isa = PBXFileReference; fileEncoding = 4; lastKnownFileType = sourcecode.c.h; path = WeatherMAPViewController.h; sourceTree = "<group>"; };
		9218935416771A7000D61F6F /* WeatherMAPViewController.m */ = {isa = PBXFileReference; fileEncoding = 4; lastKnownFileType = sourcecode.c.objc; path = WeatherMAPViewController.m; sourceTree = "<group>"; };
		9218935516771A7000D61F6F /* WeatherMAPViewController.xib */ = {isa = PBXFileReference; fileEncoding = 4; lastKnownFileType = file.xib; path = WeatherMAPViewController.xib; sourceTree = "<group>"; };
		9218935816771A9A00D61F6F /* WeatherPOIViewController.h */ = {isa = PBXFileReference; fileEncoding = 4; lastKnownFileType = sourcecode.c.h; path = WeatherPOIViewController.h; sourceTree = "<group>"; };
		9218935916771A9A00D61F6F /* WeatherPOIViewController.m */ = {isa = PBXFileReference; fileEncoding = 4; lastKnownFileType = sourcecode.c.objc; path = WeatherPOIViewController.m; sourceTree = "<group>"; };
		9218935A16771A9A00D61F6F /* WeatherPOIViewController.xib */ = {isa = PBXFileReference; fileEncoding = 4; lastKnownFileType = file.xib; path = WeatherPOIViewController.xib; sourceTree = "<group>"; };
		921893AD1677280800D61F6F /* button_library.png */ = {isa = PBXFileReference; lastKnownFileType = image.png; path = button_library.png; sourceTree = "<group>"; };
		921893AE1677280800D61F6F /* button_library@2x.png */ = {isa = PBXFileReference; lastKnownFileType = image.png; path = "button_library@2x.png"; sourceTree = "<group>"; };
		921893AF1677280800D61F6F /* button_printer.png */ = {isa = PBXFileReference; lastKnownFileType = image.png; path = button_printer.png; sourceTree = "<group>"; };
		921893B01677280800D61F6F /* button_printer@2x.png */ = {isa = PBXFileReference; lastKnownFileType = image.png; path = "button_printer@2x.png"; sourceTree = "<group>"; };
		921893B11677280800D61F6F /* button_restaurant.png */ = {isa = PBXFileReference; lastKnownFileType = image.png; path = button_restaurant.png; sourceTree = "<group>"; };
		921893B21677280800D61F6F /* button_restaurant@2x.png */ = {isa = PBXFileReference; lastKnownFileType = image.png; path = "button_restaurant@2x.png"; sourceTree = "<group>"; };
		921893B31677280800D61F6F /* campus_map_bg.png */ = {isa = PBXFileReference; lastKnownFileType = image.png; path = campus_map_bg.png; sourceTree = "<group>"; };
		921893B41677280800D61F6F /* campus_map_bg@2x.png */ = {isa = PBXFileReference; lastKnownFileType = image.png; path = "campus_map_bg@2x.png"; sourceTree = "<group>"; };
		921893B51677280800D61F6F /* cell_selectedWithArrow.png */ = {isa = PBXFileReference; lastKnownFileType = image.png; path = cell_selectedWithArrow.png; sourceTree = "<group>"; };
		921893B61677280800D61F6F /* cell_selectedWithArrow@2x.png */ = {isa = PBXFileReference; lastKnownFileType = image.png; path = "cell_selectedWithArrow@2x.png"; sourceTree = "<group>"; };
		921893B71677280800D61F6F /* cell_unselectedWithArrow.png */ = {isa = PBXFileReference; lastKnownFileType = image.png; path = cell_unselectedWithArrow.png; sourceTree = "<group>"; };
		921893B81677280800D61F6F /* cell_unselectedWithArrow@2x.png */ = {isa = PBXFileReference; lastKnownFileType = image.png; path = "cell_unselectedWithArrow@2x.png"; sourceTree = "<group>"; };
		921893B91677280800D61F6F /* icon.png */ = {isa = PBXFileReference; lastKnownFileType = image.png; path = icon.png; sourceTree = "<group>"; };
		921893BA1677280800D61F6F /* icon@2x.png */ = {isa = PBXFileReference; lastKnownFileType = image.png; path = "icon@2x.png"; sourceTree = "<group>"; };
		921893BB1677280800D61F6F /* icon_library.png */ = {isa = PBXFileReference; lastKnownFileType = image.png; path = icon_library.png; sourceTree = "<group>"; };
		921893BC1677280800D61F6F /* icon_library@2x.png */ = {isa = PBXFileReference; lastKnownFileType = image.png; path = "icon_library@2x.png"; sourceTree = "<group>"; };
		921893BD1677280800D61F6F /* icon_printer.png */ = {isa = PBXFileReference; lastKnownFileType = image.png; path = icon_printer.png; sourceTree = "<group>"; };
		921893BE1677280800D61F6F /* icon_printer@2x.png */ = {isa = PBXFileReference; lastKnownFileType = image.png; path = "icon_printer@2x.png"; sourceTree = "<group>"; };
		921893BF1677280800D61F6F /* icon_restaurant.png */ = {isa = PBXFileReference; lastKnownFileType = image.png; path = icon_restaurant.png; sourceTree = "<group>"; };
		921893C01677280800D61F6F /* icon_restaurant@2x.png */ = {isa = PBXFileReference; lastKnownFileType = image.png; path = "icon_restaurant@2x.png"; sourceTree = "<group>"; };
		921893C11677280800D61F6F /* library_annotation.png */ = {isa = PBXFileReference; lastKnownFileType = image.png; path = library_annotation.png; sourceTree = "<group>"; };
		921893C21677280800D61F6F /* library_annotation@2x.png */ = {isa = PBXFileReference; lastKnownFileType = image.png; path = "library_annotation@2x.png"; sourceTree = "<group>"; };
		921893C31677280800D61F6F /* map_ar_button.png */ = {isa = PBXFileReference; lastKnownFileType = image.png; path = map_ar_button.png; sourceTree = "<group>"; };
		921893C41677280800D61F6F /* map_ar_button@2x.png */ = {isa = PBXFileReference; lastKnownFileType = image.png; path = "map_ar_button@2x.png"; sourceTree = "<group>"; };
		921893C51677280800D61F6F /* map_view_tab_icon.png */ = {isa = PBXFileReference; lastKnownFileType = image.png; path = map_view_tab_icon.png; sourceTree = "<group>"; };
		921893C61677280800D61F6F /* map_view_tab_icon@2x.png */ = {isa = PBXFileReference; lastKnownFileType = image.png; path = "map_view_tab_icon@2x.png"; sourceTree = "<group>"; };
		921893C71677280800D61F6F /* map_x_button.png */ = {isa = PBXFileReference; lastKnownFileType = image.png; path = map_x_button.png; sourceTree = "<group>"; };
		921893C81677280800D61F6F /* map_x_button@2x.png */ = {isa = PBXFileReference; lastKnownFileType = image.png; path = "map_x_button@2x.png"; sourceTree = "<group>"; };
		921893C91677280800D61F6F /* POI.plist */ = {isa = PBXFileReference; fileEncoding = 4; lastKnownFileType = text.plist.xml; path = POI.plist; sourceTree = "<group>"; };
		921893CA1677280800D61F6F /* poi_view_tab_icon.png */ = {isa = PBXFileReference; lastKnownFileType = image.png; path = poi_view_tab_icon.png; sourceTree = "<group>"; };
		921893CB1677280800D61F6F /* poi_view_tab_icon@2x.png */ = {isa = PBXFileReference; lastKnownFileType = image.png; path = "poi_view_tab_icon@2x.png"; sourceTree = "<group>"; };
		921893CC1677280800D61F6F /* printer_annotation.png */ = {isa = PBXFileReference; lastKnownFileType = image.png; path = printer_annotation.png; sourceTree = "<group>"; };
		921893CD1677280800D61F6F /* printer_annotation@2x.png */ = {isa = PBXFileReference; lastKnownFileType = image.png; path = "printer_annotation@2x.png"; sourceTree = "<group>"; };
		921893CE1677280800D61F6F /* restaurant_annotation.png */ = {isa = PBXFileReference; lastKnownFileType = image.png; path = restaurant_annotation.png; sourceTree = "<group>"; };
		921893CF1677280800D61F6F /* restaurant_annotation@2x.png */ = {isa = PBXFileReference; lastKnownFileType = image.png; path = "restaurant_annotation@2x.png"; sourceTree = "<group>"; };
		921893D01677280800D61F6F /* subcell.png */ = {isa = PBXFileReference; lastKnownFileType = image.png; path = subcell.png; sourceTree = "<group>"; };
		921893D11677280800D61F6F /* subcell@2x.png */ = {isa = PBXFileReference; lastKnownFileType = image.png; path = "subcell@2x.png"; sourceTree = "<group>"; };
		921893F7167739AF00D61F6F /* LSLocation.h */ = {isa = PBXFileReference; fileEncoding = 4; lastKnownFileType = sourcecode.c.h; path = LSLocation.h; sourceTree = "<group>"; };
		921893F8167739AF00D61F6F /* LSLocation.m */ = {isa = PBXFileReference; fileEncoding = 4; lastKnownFileType = sourcecode.c.objc; path = LSLocation.m; sourceTree = "<group>"; };
		9297E3EE16775030005E274D /* LSLibrary.h */ = {isa = PBXFileReference; fileEncoding = 4; lastKnownFileType = sourcecode.c.h; path = LSLibrary.h; sourceTree = "<group>"; };
		9297E3EF16775030005E274D /* LSLibrary.m */ = {isa = PBXFileReference; fileEncoding = 4; lastKnownFileType = sourcecode.c.objc; path = LSLibrary.m; sourceTree = "<group>"; };
		9297E3F016775030005E274D /* LSPrinter.h */ = {isa = PBXFileReference; fileEncoding = 4; lastKnownFileType = sourcecode.c.h; path = LSPrinter.h; sourceTree = "<group>"; };
		9297E3F116775030005E274D /* LSPrinter.m */ = {isa = PBXFileReference; fileEncoding = 4; lastKnownFileType = sourcecode.c.objc; path = LSPrinter.m; sourceTree = "<group>"; };
		9297E3F216775030005E274D /* LSRestaurant.h */ = {isa = PBXFileReference; fileEncoding = 4; lastKnownFileType = sourcecode.c.h; path = LSRestaurant.h; sourceTree = "<group>"; };
		9297E3F316775030005E274D /* LSRestaurant.m */ = {isa = PBXFileReference; fileEncoding = 4; lastKnownFileType = sourcecode.c.objc; path = LSRestaurant.m; sourceTree = "<group>"; };
/* End PBXFileReference section */

/* Begin PBXFrameworksBuildPhase section */
		921893131677161C00D61F6F /* Frameworks */ = {
			isa = PBXFrameworksBuildPhase;
			buildActionMask = 2147483647;
			files = (
				921893521677175000D61F6F /* CoreLocation.framework in Frameworks */,
				921893501677174700D61F6F /* MapKit.framework in Frameworks */,
				9218931B1677161C00D61F6F /* UIKit.framework in Frameworks */,
				9218931D1677161C00D61F6F /* Foundation.framework in Frameworks */,
				9218931F1677161C00D61F6F /* CoreGraphics.framework in Frameworks */,
			);
			runOnlyForDeploymentPostprocessing = 0;
		};
		921893331677161C00D61F6F /* Frameworks */ = {
			isa = PBXFrameworksBuildPhase;
			buildActionMask = 2147483647;
			files = (
				921893391677161C00D61F6F /* SenTestingKit.framework in Frameworks */,
				9218933A1677161C00D61F6F /* UIKit.framework in Frameworks */,
				9218933B1677161C00D61F6F /* Foundation.framework in Frameworks */,
			);
			runOnlyForDeploymentPostprocessing = 0;
		};
/* End PBXFrameworksBuildPhase section */

/* Begin PBXGroup section */
		9218930B1677161C00D61F6F = {
			isa = PBXGroup;
			children = (
				921893AC1677280800D61F6F /* Resources */,
				921893201677161C00D61F6F /* WeatherMAP */,
				9218933E1677161C00D61F6F /* WeatherMAPTests */,
				921893191677161C00D61F6F /* Frameworks */,
				921893171677161C00D61F6F /* Products */,
			);
			sourceTree = "<group>";
		};
		921893171677161C00D61F6F /* Products */ = {
			isa = PBXGroup;
			children = (
				921893161677161C00D61F6F /* WeatherMAP.app */,
				921893371677161C00D61F6F /* WeatherMAPTests.octest */,
			);
			name = Products;
			sourceTree = "<group>";
		};
		921893191677161C00D61F6F /* Frameworks */ = {
			isa = PBXGroup;
			children = (
				921893511677175000D61F6F /* CoreLocation.framework */,
				9218934F1677174700D61F6F /* MapKit.framework */,
				9218931A1677161C00D61F6F /* UIKit.framework */,
				9218931C1677161C00D61F6F /* Foundation.framework */,
				9218931E1677161C00D61F6F /* CoreGraphics.framework */,
				921893381677161C00D61F6F /* SenTestingKit.framework */,
			);
			name = Frameworks;
			sourceTree = "<group>";
		};
		921893201677161C00D61F6F /* WeatherMAP */ = {
			isa = PBXGroup;
			children = (
				9297E3EE16775030005E274D /* LSLibrary.h */,
				9297E3EF16775030005E274D /* LSLibrary.m */,
				9297E3F016775030005E274D /* LSPrinter.h */,
				9297E3F116775030005E274D /* LSPrinter.m */,
				9297E3F216775030005E274D /* LSRestaurant.h */,
				9297E3F316775030005E274D /* LSRestaurant.m */,
				921893291677161C00D61F6F /* WeatherMAPAppDelegate.h */,
				9218932A1677161C00D61F6F /* WeatherMAPAppDelegate.m */,
				9218935316771A7000D61F6F /* WeatherMAPViewController.h */,
				9218935416771A7000D61F6F /* WeatherMAPViewController.m */,
				9218935516771A7000D61F6F /* WeatherMAPViewController.xib */,
				9218935816771A9A00D61F6F /* WeatherPOIViewController.h */,
				9218935916771A9A00D61F6F /* WeatherPOIViewController.m */,
				921893F7167739AF00D61F6F /* LSLocation.h */,
				921893F8167739AF00D61F6F /* LSLocation.m */,
				9218935A16771A9A00D61F6F /* WeatherPOIViewController.xib */,
				921893211677161C00D61F6F /* Supporting Files */,
			);
			path = WeatherMAP;
			sourceTree = "<group>";
		};
		921893211677161C00D61F6F /* Supporting Files */ = {
			isa = PBXGroup;
			children = (
				921893221677161C00D61F6F /* WeatherMAP-Info.plist */,
				921893231677161C00D61F6F /* InfoPlist.strings */,
				921893261677161C00D61F6F /* main.m */,
				921893281677161C00D61F6F /* WeatherMAP-Prefix.pch */,
				9218932C1677161C00D61F6F /* Default.png */,
				9218932E1677161C00D61F6F /* Default@2x.png */,
				921893301677161C00D61F6F /* Default-568h@2x.png */,
			);
			name = "Supporting Files";
			sourceTree = "<group>";
		};
		9218933E1677161C00D61F6F /* WeatherMAPTests */ = {
			isa = PBXGroup;
			children = (
				921893441677161C00D61F6F /* WeatherMAPTests.h */,
				921893451677161C00D61F6F /* WeatherMAPTests.m */,
				9218933F1677161C00D61F6F /* Supporting Files */,
			);
			path = WeatherMAPTests;
			sourceTree = "<group>";
		};
		9218933F1677161C00D61F6F /* Supporting Files */ = {
			isa = PBXGroup;
			children = (
				921893401677161C00D61F6F /* WeatherMAPTests-Info.plist */,
				921893411677161C00D61F6F /* InfoPlist.strings */,
			);
			name = "Supporting Files";
			sourceTree = "<group>";
		};
		921893AC1677280800D61F6F /* Resources */ = {
			isa = PBXGroup;
			children = (
				921893AD1677280800D61F6F /* button_library.png */,
				921893AE1677280800D61F6F /* button_library@2x.png */,
				921893AF1677280800D61F6F /* button_printer.png */,
				921893B01677280800D61F6F /* button_printer@2x.png */,
				921893B11677280800D61F6F /* button_restaurant.png */,
				921893B21677280800D61F6F /* button_restaurant@2x.png */,
				921893B31677280800D61F6F /* campus_map_bg.png */,
				921893B41677280800D61F6F /* campus_map_bg@2x.png */,
				921893B51677280800D61F6F /* cell_selectedWithArrow.png */,
				921893B61677280800D61F6F /* cell_selectedWithArrow@2x.png */,
				921893B71677280800D61F6F /* cell_unselectedWithArrow.png */,
				921893B81677280800D61F6F /* cell_unselectedWithArrow@2x.png */,
				921893B91677280800D61F6F /* icon.png */,
				921893BA1677280800D61F6F /* icon@2x.png */,
				921893BB1677280800D61F6F /* icon_library.png */,
				921893BC1677280800D61F6F /* icon_library@2x.png */,
				921893BD1677280800D61F6F /* icon_printer.png */,
				921893BE1677280800D61F6F /* icon_printer@2x.png */,
				921893BF1677280800D61F6F /* icon_restaurant.png */,
				921893C01677280800D61F6F /* icon_restaurant@2x.png */,
				921893C11677280800D61F6F /* library_annotation.png */,
				921893C21677280800D61F6F /* library_annotation@2x.png */,
				921893C31677280800D61F6F /* map_ar_button.png */,
				921893C41677280800D61F6F /* map_ar_button@2x.png */,
				921893C51677280800D61F6F /* map_view_tab_icon.png */,
				921893C61677280800D61F6F /* map_view_tab_icon@2x.png */,
				921893C71677280800D61F6F /* map_x_button.png */,
				921893C81677280800D61F6F /* map_x_button@2x.png */,
				921893C91677280800D61F6F /* POI.plist */,
				921893CA1677280800D61F6F /* poi_view_tab_icon.png */,
				921893CB1677280800D61F6F /* poi_view_tab_icon@2x.png */,
				921893CC1677280800D61F6F /* printer_annotation.png */,
				921893CD1677280800D61F6F /* printer_annotation@2x.png */,
				921893CE1677280800D61F6F /* restaurant_annotation.png */,
				921893CF1677280800D61F6F /* restaurant_annotation@2x.png */,
				921893D01677280800D61F6F /* subcell.png */,
				921893D11677280800D61F6F /* subcell@2x.png */,
			);
			name = Resources;
			path = CampusMap_Resource;
			sourceTree = "<group>";
		};
/* End PBXGroup section */

/* Begin PBXNativeTarget section */
		921893151677161C00D61F6F /* WeatherMAP */ = {
			isa = PBXNativeTarget;
			buildConfigurationList = 921893491677161C00D61F6F /* Build configuration list for PBXNativeTarget "WeatherMAP" */;
			buildPhases = (
				921893121677161C00D61F6F /* Sources */,
				921893131677161C00D61F6F /* Frameworks */,
				921893141677161C00D61F6F /* Resources */,
			);
			buildRules = (
			);
			dependencies = (
			);
			name = WeatherMAP;
			productName = WeatherMAP;
			productReference = 921893161677161C00D61F6F /* WeatherMAP.app */;
			productType = "com.apple.product-type.application";
		};
		921893361677161C00D61F6F /* WeatherMAPTests */ = {
			isa = PBXNativeTarget;
			buildConfigurationList = 9218934C1677161C00D61F6F /* Build configuration list for PBXNativeTarget "WeatherMAPTests" */;
			buildPhases = (
				921893321677161C00D61F6F /* Sources */,
				921893331677161C00D61F6F /* Frameworks */,
				921893341677161C00D61F6F /* Resources */,
				921893351677161C00D61F6F /* ShellScript */,
			);
			buildRules = (
			);
			dependencies = (
				9218933D1677161C00D61F6F /* PBXTargetDependency */,
			);
			name = WeatherMAPTests;
			productName = WeatherMAPTests;
			productReference = 921893371677161C00D61F6F /* WeatherMAPTests.octest */;
			productType = "com.apple.product-type.bundle";
		};
/* End PBXNativeTarget section */

/* Begin PBXProject section */
		9218930D1677161C00D61F6F /* Project object */ = {
			isa = PBXProject;
			attributes = {
				CLASSPREFIX = WeatherMAP;
				LastUpgradeCheck = 0450;
				ORGANIZATIONNAME = "TEAM H&J";
			};
			buildConfigurationList = 921893101677161C00D61F6F /* Build configuration list for PBXProject "WeatherMAP" */;
			compatibilityVersion = "Xcode 3.2";
			developmentRegion = English;
			hasScannedForEncodings = 0;
			knownRegions = (
				en,
			);
			mainGroup = 9218930B1677161C00D61F6F;
			productRefGroup = 921893171677161C00D61F6F /* Products */;
			projectDirPath = "";
			projectRoot = "";
			targets = (
				921893151677161C00D61F6F /* WeatherMAP */,
				921893361677161C00D61F6F /* WeatherMAPTests */,
			);
		};
/* End PBXProject section */

/* Begin PBXResourcesBuildPhase section */
		921893141677161C00D61F6F /* Resources */ = {
			isa = PBXResourcesBuildPhase;
			buildActionMask = 2147483647;
			files = (
				921893251677161C00D61F6F /* InfoPlist.strings in Resources */,
				9218932D1677161C00D61F6F /* Default.png in Resources */,
				9218932F1677161C00D61F6F /* Default@2x.png in Resources */,
				921893311677161C00D61F6F /* Default-568h@2x.png in Resources */,
				9218935716771A7000D61F6F /* WeatherMAPViewController.xib in Resources */,
				9218935C16771A9A00D61F6F /* WeatherPOIViewController.xib in Resources */,
				921893D21677280800D61F6F /* button_library.png in Resources */,
				921893D31677280800D61F6F /* button_library@2x.png in Resources */,
				921893D41677280800D61F6F /* button_printer.png in Resources */,
				921893D51677280800D61F6F /* button_printer@2x.png in Resources */,
				921893D61677280800D61F6F /* button_restaurant.png in Resources */,
				921893D71677280800D61F6F /* button_restaurant@2x.png in Resources */,
				921893D81677280800D61F6F /* campus_map_bg.png in Resources */,
				921893D91677280800D61F6F /* campus_map_bg@2x.png in Resources */,
				921893DA1677280800D61F6F /* cell_selectedWithArrow.png in Resources */,
				921893DB1677280800D61F6F /* cell_selectedWithArrow@2x.png in Resources */,
				921893DC1677280800D61F6F /* cell_unselectedWithArrow.png in Resources */,
				921893DD1677280800D61F6F /* cell_unselectedWithArrow@2x.png in Resources */,
				921893DE1677280800D61F6F /* icon.png in Resources */,
				921893DF1677280800D61F6F /* icon@2x.png in Resources */,
				921893E01677280800D61F6F /* icon_library.png in Resources */,
				921893E11677280800D61F6F /* icon_library@2x.png in Resources */,
				921893E21677280800D61F6F /* icon_printer.png in Resources */,
				921893E31677280800D61F6F /* icon_printer@2x.png in Resources */,
				921893E41677280800D61F6F /* icon_restaurant.png in Resources */,
				921893E51677280800D61F6F /* icon_restaurant@2x.png in Resources */,
				921893E61677280800D61F6F /* library_annotation.png in Resources */,
				921893E71677280800D61F6F /* library_annotation@2x.png in Resources */,
				921893E81677280800D61F6F /* map_ar_button.png in Resources */,
				921893E91677280800D61F6F /* map_ar_button@2x.png in Resources */,
				921893EA1677280800D61F6F /* map_view_tab_icon.png in Resources */,
				921893EB1677280800D61F6F /* map_view_tab_icon@2x.png in Resources */,
				921893EC1677280800D61F6F /* map_x_button.png in Resources */,
				921893ED1677280800D61F6F /* map_x_button@2x.png in Resources */,
				921893EE1677280800D61F6F /* POI.plist in Resources */,
				921893EF1677280800D61F6F /* poi_view_tab_icon.png in Resources */,
				921893F01677280800D61F6F /* poi_view_tab_icon@2x.png in Resources */,
				921893F11677280800D61F6F /* printer_annotation.png in Resources */,
				921893F21677280800D61F6F /* printer_annotation@2x.png in Resources */,
				921893F31677280800D61F6F /* restaurant_annotation.png in Resources */,
				921893F41677280800D61F6F /* restaurant_annotation@2x.png in Resources */,
				921893F51677280800D61F6F /* subcell.png in Resources */,
				921893F61677280800D61F6F /* subcell@2x.png in Resources */,
			);
			runOnlyForDeploymentPostprocessing = 0;
		};
		921893341677161C00D61F6F /* Resources */ = {
			isa = PBXResourcesBuildPhase;
			buildActionMask = 2147483647;
			files = (
				921893431677161C00D61F6F /* InfoPlist.strings in Resources */,
			);
			runOnlyForDeploymentPostprocessing = 0;
		};
/* End PBXResourcesBuildPhase section */

/* Begin PBXShellScriptBuildPhase section */
		921893351677161C00D61F6F /* ShellScript */ = {
			isa = PBXShellScriptBuildPhase;
			buildActionMask = 2147483647;
			files = (
			);
			inputPaths = (
			);
			outputPaths = (
			);
			runOnlyForDeploymentPostprocessing = 0;
			shellPath = /bin/sh;
			shellScript = "# Run the unit tests in this test bundle.\n\"${SYSTEM_DEVELOPER_DIR}/Tools/RunUnitTests\"\n";
		};
/* End PBXShellScriptBuildPhase section */

/* Begin PBXSourcesBuildPhase section */
		921893121677161C00D61F6F /* Sources */ = {
			isa = PBXSourcesBuildPhase;
			buildActionMask = 2147483647;
			files = (
				921893271677161C00D61F6F /* main.m in Sources */,
				9218932B1677161C00D61F6F /* WeatherMAPAppDelegate.m in Sources */,
				9218935616771A7000D61F6F /* WeatherMAPViewController.m in Sources */,
				9218935B16771A9A00D61F6F /* WeatherPOIViewController.m in Sources */,
				921893F9167739AF00D61F6F /* LSLocation.m in Sources */,
				9297E3F416775030005E274D /* LSLibrary.m in Sources */,
				9297E3F516775030005E274D /* LSPrinter.m in Sources */,
				9297E3F616775030005E274D /* LSRestaurant.m in Sources */,
			);
			runOnlyForDeploymentPostprocessing = 0;
		};
		921893321677161C00D61F6F /* Sources */ = {
			isa = PBXSourcesBuildPhase;
			buildActionMask = 2147483647;
			files = (
				921893461677161C00D61F6F /* WeatherMAPTests.m in Sources */,
			);
			runOnlyForDeploymentPostprocessing = 0;
		};
/* End PBXSourcesBuildPhase section */

/* Begin PBXTargetDependency section */
		9218933D1677161C00D61F6F /* PBXTargetDependency */ = {
			isa = PBXTargetDependency;
			target = 921893151677161C00D61F6F /* WeatherMAP */;
			targetProxy = 9218933C1677161C00D61F6F /* PBXContainerItemProxy */;
		};
/* End PBXTargetDependency section */

/* Begin PBXVariantGroup section */
		921893231677161C00D61F6F /* InfoPlist.strings */ = {
			isa = PBXVariantGroup;
			children = (
				921893241677161C00D61F6F /* en */,
			);
			name = InfoPlist.strings;
			sourceTree = "<group>";
		};
		921893411677161C00D61F6F /* InfoPlist.strings */ = {
			isa = PBXVariantGroup;
			children = (
				921893421677161C00D61F6F /* en */,
			);
			name = InfoPlist.strings;
			sourceTree = "<group>";
		};
/* End PBXVariantGroup section */

/* Begin XCBuildConfiguration section */
		921893471677161C00D61F6F /* Debug */ = {
			isa = XCBuildConfiguration;
			buildSettings = {
				ALWAYS_SEARCH_USER_PATHS = NO;
				CLANG_CXX_LANGUAGE_STANDARD = "gnu++0x";
				CLANG_CXX_LIBRARY = "libc++";
				CLANG_ENABLE_OBJC_ARC = YES;
				CLANG_WARN_EMPTY_BODY = YES;
				CLANG_WARN__DUPLICATE_METHOD_MATCH = YES;
				"CODE_SIGN_IDENTITY[sdk=iphoneos*]" = "iPhone Developer";
				COPY_PHASE_STRIP = NO;
				GCC_C_LANGUAGE_STANDARD = gnu99;
				GCC_DYNAMIC_NO_PIC = NO;
				GCC_OPTIMIZATION_LEVEL = 0;
				GCC_PREPROCESSOR_DEFINITIONS = (
					"DEBUG=1",
					"$(inherited)",
				);
				GCC_SYMBOLS_PRIVATE_EXTERN = NO;
				GCC_WARN_ABOUT_RETURN_TYPE = YES;
				GCC_WARN_UNINITIALIZED_AUTOS = YES;
				GCC_WARN_UNUSED_VARIABLE = YES;
				IPHONEOS_DEPLOYMENT_TARGET = 6.0;
				ONLY_ACTIVE_ARCH = YES;
				SDKROOT = iphoneos;
				TARGETED_DEVICE_FAMILY = "1,2";
			};
			name = Debug;
		};
		921893481677161C00D61F6F /* Release */ = {
			isa = XCBuildConfiguration;
			buildSettings = {
				ALWAYS_SEARCH_USER_PATHS = NO;
				CLANG_CXX_LANGUAGE_STANDARD = "gnu++0x";
				CLANG_CXX_LIBRARY = "libc++";
				CLANG_ENABLE_OBJC_ARC = YES;
				CLANG_WARN_EMPTY_BODY = YES;
				CLANG_WARN__DUPLICATE_METHOD_MATCH = YES;
				"CODE_SIGN_IDENTITY[sdk=iphoneos*]" = "iPhone Developer";
				COPY_PHASE_STRIP = YES;
				GCC_C_LANGUAGE_STANDARD = gnu99;
				GCC_WARN_ABOUT_RETURN_TYPE = YES;
				GCC_WARN_UNINITIALIZED_AUTOS = YES;
				GCC_WARN_UNUSED_VARIABLE = YES;
				IPHONEOS_DEPLOYMENT_TARGET = 6.0;
				OTHER_CFLAGS = "-DNS_BLOCK_ASSERTIONS=1";
				SDKROOT = iphoneos;
				TARGETED_DEVICE_FAMILY = "1,2";
				VALIDATE_PRODUCT = YES;
			};
			name = Release;
		};
		9218934A1677161C00D61F6F /* Debug */ = {
			isa = XCBuildConfiguration;
			buildSettings = {
				GCC_PRECOMPILE_PREFIX_HEADER = YES;
				GCC_PREFIX_HEADER = "WeatherMAP/WeatherMAP-Prefix.pch";
				INFOPLIST_FILE = "WeatherMAP/WeatherMAP-Info.plist";
				PRODUCT_NAME = "$(TARGET_NAME)";
				WRAPPER_EXTENSION = app;
			};
			name = Debug;
		};
		9218934B1677161C00D61F6F /* Release */ = {
			isa = XCBuildConfiguration;
			buildSettings = {
				GCC_PRECOMPILE_PREFIX_HEADER = YES;
				GCC_PREFIX_HEADER = "WeatherMAP/WeatherMAP-Prefix.pch";
				INFOPLIST_FILE = "WeatherMAP/WeatherMAP-Info.plist";
				PRODUCT_NAME = "$(TARGET_NAME)";
				WRAPPER_EXTENSION = app;
			};
			name = Release;
		};
		9218934D1677161C00D61F6F /* Debug */ = {
			isa = XCBuildConfiguration;
			buildSettings = {
				BUNDLE_LOADER = "$(BUILT_PRODUCTS_DIR)/WeatherMAP.app/WeatherMAP";
				FRAMEWORK_SEARCH_PATHS = (
					"\"$(SDKROOT)/Developer/Library/Frameworks\"",
					"\"$(DEVELOPER_LIBRARY_DIR)/Frameworks\"",
				);
				GCC_PRECOMPILE_PREFIX_HEADER = YES;
				GCC_PREFIX_HEADER = "WeatherMAP/WeatherMAP-Prefix.pch";
				INFOPLIST_FILE = "WeatherMAPTests/WeatherMAPTests-Info.plist";
				PRODUCT_NAME = "$(TARGET_NAME)";
				TEST_HOST = "$(BUNDLE_LOADER)";
				WRAPPER_EXTENSION = octest;
			};
			name = Debug;
		};
		9218934E1677161C00D61F6F /* Release */ = {
			isa = XCBuildConfiguration;
			buildSettings = {
				BUNDLE_LOADER = "$(BUILT_PRODUCTS_DIR)/WeatherMAP.app/WeatherMAP";
				FRAMEWORK_SEARCH_PATHS = (
					"\"$(SDKROOT)/Developer/Library/Frameworks\"",
					"\"$(DEVELOPER_LIBRARY_DIR)/Frameworks\"",
				);
				GCC_PRECOMPILE_PREFIX_HEADER = YES;
				GCC_PREFIX_HEADER = "WeatherMAP/WeatherMAP-Prefix.pch";
				INFOPLIST_FILE = "WeatherMAPTests/WeatherMAPTests-Info.plist";
				PRODUCT_NAME = "$(TARGET_NAME)";
				TEST_HOST = "$(BUNDLE_LOADER)";
				WRAPPER_EXTENSION = octest;
			};
			name = Release;
		};
/* End XCBuildConfiguration section */

/* Begin XCConfigurationList section */
		921893101677161C00D61F6F /* Build configuration list for PBXProject "WeatherMAP" */ = {
			isa = XCConfigurationList;
			buildConfigurations = (
				921893471677161C00D61F6F /* Debug */,
				921893481677161C00D61F6F /* Release */,
			);
			defaultConfigurationIsVisible = 0;
			defaultConfigurationName = Release;
		};
		921893491677161C00D61F6F /* Build configuration list for PBXNativeTarget "WeatherMAP" */ = {
			isa = XCConfigurationList;
			buildConfigurations = (
				9218934A1677161C00D61F6F /* Debug */,
				9218934B1677161C00D61F6F /* Release */,
			);
			defaultConfigurationIsVisible = 0;
			defaultConfigurationName = Release;
		};
		9218934C1677161C00D61F6F /* Build configuration list for PBXNativeTarget "WeatherMAPTests" */ = {
			isa = XCConfigurationList;
			buildConfigurations = (
				9218934D1677161C00D61F6F /* Debug */,
				9218934E1677161C00D61F6F /* Release */,
			);
			defaultConfigurationIsVisible = 0;
			defaultConfigurationName = Release;
		};
/* End XCConfigurationList section */
	};
	rootObject = 9218930D1677161C00D61F6F /* Project object */;
}
